
Microsoft Visual Studio Solution File, Format Version 12.00
# Visual Studio 15
VisualStudioVersion = 15.0.28307.168
MinimumVisualStudioVersion = 10.0.40219.1
Project("{8BC9CEB8-8B4A-11D0-8D11-00A0C91BC942}") = "HTTPServer1", "Beast\Beast.vcxproj", "{9FA5D0E0-FEEC-42D3-B14C-A3ACFDBF1F5F}"
EndProject
Project("{8BC9CEB8-8B4A-11D0-8D11-00A0C91BC942}") = "HTTPClient1", "HTTPClient1\HTTPClient1.vcxproj", "{3A95411D-D870-4832-8BD2-A474BAFF2425}"
EndProject
Project("{8BC9CEB8-8B4A-11D0-8D11-00A0C91BC942}") = "WSHttpServer", "WSHttpServer\WSHttpServer.vcxproj", "{0FF26704-5A0B-48D6-A012-0D7014C46688}"
EndProject
Project("{8BC9CEB8-8B4A-11D0-8D11-00A0C91BC942}") = "HttpServer2", "HttpServer2\HttpServer2.vcxproj", "{EF55365E-491B-44D9-AAF5-D4754C803D17}"
EndProject
Project("{8BC9CEB8-8B4A-11D0-8D11-00A0C91BC942}") = "WSServer1", "WSServer1\WSServer1.vcxproj", "{4673E530-32F0-4B6A-B35A-2EA4DADADD81}"
EndProject
Project("{8BC9CEB8-8B4A-11D0-8D11-00A0C91BC942}") = "WSClient1", "WSClient1\WSClient1.vcxproj", "{66FC2B42-ADC6-429D-8602-1DB3CBCBD089}"
EndProject
Global
	GlobalSection(SolutionConfigurationPlatforms) = preSolution
		Debug|x64 = Debug|x64
		Debug|x86 = Debug|x86
		Release|x64 = Release|x64
		Release|x86 = Release|x86
	EndGlobalSection
	GlobalSection(ProjectConfigurationPlatforms) = postSolution
		{9FA5D0E0-FEEC-42D3-B14C-A3ACFDBF1F5F}.Debug|x64.ActiveCfg = Debug|x64
		{9FA5D0E0-FEEC-42D3-B14C-A3ACFDBF1F5F}.Debug|x64.Build.0 = Debug|x64
		{9FA5D0E0-FEEC-42D3-B14C-A3ACFDBF1F5F}.Debug|x86.ActiveCfg = Debug|Win32
		{9FA5D0E0-FEEC-42D3-B14C-A3ACFDBF1F5F}.Debug|x86.Build.0 = Debug|Win32
		{9FA5D0E0-FEEC-42D3-B14C-A3ACFDBF1F5F}.Release|x64.ActiveCfg = Release|x64
		{9FA5D0E0-FEEC-42D3-B14C-A3ACFDBF1F5F}.Release|x64.Build.0 = Release|x64
		{9FA5D0E0-FEEC-42D3-B14C-A3ACFDBF1F5F}.Release|x86.ActiveCfg = Release|Win32
		{9FA5D0E0-FEEC-42D3-B14C-A3ACFDBF1F5F}.Release|x86.Build.0 = Release|Win32
		{3A95411D-D870-4832-8BD2-A474BAFF2425}.Debug|x64.ActiveCfg = Debug|x64
		{3A95411D-D870-4832-8BD2-A474BAFF2425}.Debug|x64.Build.0 = Debug|x64
		{3A95411D-D870-4832-8BD2-A474BAFF2425}.Debug|x86.ActiveCfg = Debug|Win32
		{3A95411D-D870-4832-8BD2-A474BAFF2425}.Debug|x86.Build.0 = Debug|Win32
		{3A95411D-D870-4832-8BD2-A474BAFF2425}.Release|x64.ActiveCfg = Release|x64
		{3A95411D-D870-4832-8BD2-A474BAFF2425}.Release|x64.Build.0 = Release|x64
		{3A95411D-D870-4832-8BD2-A474BAFF2425}.Release|x86.ActiveCfg = Release|Win32
		{3A95411D-D870-4832-8BD2-A474BAFF2425}.Release|x86.Build.0 = Release|Win32
		{0FF26704-5A0B-48D6-A012-0D7014C46688}.Debug|x64.ActiveCfg = Debug|x64
		{0FF26704-5A0B-48D6-A012-0D7014C46688}.Debug|x64.Build.0 = Debug|x64
		{0FF26704-5A0B-48D6-A012-0D7014C46688}.Debug|x86.ActiveCfg = Debug|Win32
		{0FF26704-5A0B-48D6-A012-0D7014C46688}.Debug|x86.Build.0 = Debug|Win32
		{0FF26704-5A0B-48D6-A012-0D7014C46688}.Release|x64.ActiveCfg = Release|x64
		{0FF26704-5A0B-48D6-A012-0D7014C46688}.Release|x64.Build.0 = Release|x64
		{0FF26704-5A0B-48D6-A012-0D7014C46688}.Release|x86.ActiveCfg = Release|Win32
		{0FF26704-5A0B-48D6-A012-0D7014C46688}.Release|x86.Build.0 = Release|Win32
		{EF55365E-491B-44D9-AAF5-D4754C803D17}.Debug|x64.ActiveCfg = Debug|x64
		{EF55365E-491B-44D9-AAF5-D4754C803D17}.Debug|x64.Build.0 = Debug|x64
		{EF55365E-491B-44D9-AAF5-D4754C803D17}.Debug|x86.ActiveCfg = Debug|Win32
		{EF55365E-491B-44D9-AAF5-D4754C803D17}.Debug|x86.Build.0 = Debug|Win32
		{EF55365E-491B-44D9-AAF5-D4754C803D17}.Release|x64.ActiveCfg = Release|x64
		{EF55365E-491B-44D9-AAF5-D4754C803D17}.Release|x64.Build.0 = Release|x64
		{EF55365E-491B-44D9-AAF5-D4754C803D17}.Release|x86.ActiveCfg = Release|Win32
		{EF55365E-491B-44D9-AAF5-D4754C803D17}.Release|x86.Build.0 = Release|Win32
		{4673E530-32F0-4B6A-B35A-2EA4DADADD81}.Debug|x64.ActiveCfg = Debug|x64
		{4673E530-32F0-4B6A-B35A-2EA4DADADD81}.Debug|x64.Build.0 = Debug|x64
		{4673E530-32F0-4B6A-B35A-2EA4DADADD81}.Debug|x86.ActiveCfg = Debug|Win32
		{4673E530-32F0-4B6A-B35A-2EA4DADADD81}.Debug|x86.Build.0 = Debug|Win32
		{4673E530-32F0-4B6A-B35A-2EA4DADADD81}.Release|x64.ActiveCfg = Release|x64
		{4673E530-32F0-4B6A-B35A-2EA4DADADD81}.Release|x64.Build.0 = Release|x64
		{4673E530-32F0-4B6A-B35A-2EA4DADADD81}.Release|x86.ActiveCfg = Release|Win32
		{4673E530-32F0-4B6A-B35A-2EA4DADADD81}.Release|x86.Build.0 = Release|Win32
		{66FC2B42-ADC6-429D-8602-1DB3CBCBD089}.Debug|x64.ActiveCfg = Debug|x64
		{66FC2B42-ADC6-429D-8602-1DB3CBCBD089}.Debug|x64.Build.0 = Debug|x64
		{66FC2B42-ADC6-429D-8602-1DB3CBCBD089}.Debug|x86.ActiveCfg = Debug|Win32
		{66FC2B42-ADC6-429D-8602-1DB3CBCBD089}.Debug|x86.Build.0 = Debug|Win32
		{66FC2B42-ADC6-429D-8602-1DB3CBCBD089}.Release|x64.ActiveCfg = Release|x64
		{66FC2B42-ADC6-429D-8602-1DB3CBCBD089}.Release|x64.Build.0 = Release|x64
		{66FC2B42-ADC6-429D-8602-1DB3CBCBD089}.Release|x86.ActiveCfg = Release|Win32
		{66FC2B42-ADC6-429D-8602-1DB3CBCBD089}.Release|x86.Build.0 = Release|Win32
	EndGlobalSection
	GlobalSection(SolutionProperties) = preSolution
		HideSolutionNode = FALSE
	EndGlobalSection
	GlobalSection(ExtensibilityGlobals) = postSolution
		SolutionGuid = {6629D62C-0B92-42E9-A467-9235A9A3E87B}
	EndGlobalSection
EndGlobal
